Microsoft Visual Studio Solution File, Format Version 12.00
# Visual Studio Version 17
VisualStudioVersion = 17.5.2.0
MinimumVisualStudioVersion = 10.0.40219.1
Project("{FAE04EC0-301F-11D3-BF4B-00C04F79EFBC}") = "FunkyMCP", "FunkyMCP.csproj", "{7B8AF73E-1ED8-AB0F-39D7-57BEA092006A}"
EndProject
Global
	GlobalSection(SolutionConfigurationPlatforms) = preSolution
		Debug|Any CPU = Debug|Any CPU
		Release|Any CPU = Release|Any CPU
	EndGlobalSection
	GlobalSection(ProjectConfigurationPlatforms) = postSolution
		{7B8AF73E-1ED8-AB0F-39D7-57BEA092006A}.Debug|Any CPU.ActiveCfg = Debug|Any CPU
		{7B8AF73E-1ED8-AB0F-39D7-57BEA092006A}.Debug|Any CPU.Build.0 = Debug|Any CPU
		{7B8AF73E-1ED8-AB0F-39D7-57BEA092006A}.Release|Any CPU.ActiveCfg = Release|Any CPU
		{7B8AF73E-1ED8-AB0F-39D7-57BEA092006A}.Release|Any CPU.Build.0 = Release|Any CPU
	EndGlobalSection
	GlobalSection(SolutionProperties) = preSolution
		HideSolutionNode = FALSE
	EndGlobalSection
	GlobalSection(ExtensibilityGlobals) = postSolution
		SolutionGuid = {229E068A-C14A-4E50-AFF9-8826873C7EFD}
	EndGlobalSection
EndGlobal
